<Solution>
  <Folder Name="/src/">
    <Project Path="src/MCD.App/MCD.App.csproj" />
    <Project Path="src/MCD.Core/MCD.Core.csproj" />
    <Project Path="src/MCD.Interop/MCD.Interop.csproj" />
    <Project Path="src/MCD.Sensors/MCD.Sensors.csproj" />
  </Folder>
  <Folder Name="/tests/">
    <Project Path="tests/MCD.Tests/MCD.Tests.csproj" />
  </Folder>
</Solution>
